// !$*UTF8*$!
{
	archiveVersion = 1;
	classes = {
	};
	objectVersion = 55;
	objects = {

/* Begin PBXBuildFile section */
		8B384D1428641090000461BB /* AppDelegate.swift in Sources */ = {isa = PBXBuildFile; fileRef = 8B384D1328641090000461BB /* AppDelegate.swift */; };
		8B384D1628641090000461BB /* SceneDelegate.swift in Sources */ = {isa = PBXBuildFile; fileRef = 8B384D1528641090000461BB /* SceneDelegate.swift */; };
		8B384D1828641090000461BB /* ViewController.swift in Sources */ = {isa = PBXBuildFile; fileRef = 8B384D1728641090000461BB /* ViewController.swift */; };
		8B384D1B28641090000461BB /* Main.storyboard in Resources */ = {isa = PBXBuildFile; fileRef = 8B384D1928641090000461BB /* Main.storyboard */; };
		8B384D1D28641090000461BB /* Assets.xcassets in Resources */ = {isa = PBXBuildFile; fileRef = 8B384D1C28641090000461BB /* Assets.xcassets */; };
		8B384D2028641090000461BB /* LaunchScreen.storyboard in Resources */ = {isa = PBXBuildFile; fileRef = 8B384D1E28641090000461BB /* LaunchScreen.storyboard */; };
		8B6939B22864CC0500044A3A /* SignupFormModelValidatorTests.swift in Sources */ = {isa = PBXBuildFile; fileRef = 8B6939B12864CC0500044A3A /* SignupFormModelValidatorTests.swift */; };
		8B6939B92864CDC000044A3A /* SignFormModelValidator.swift in Sources */ = {isa = PBXBuildFile; fileRef = 8B6939B82864CDC000044A3A /* SignFormModelValidator.swift */; };
		8BF1DDCC2867958400C56B02 /* SignupWebServiceTest.swift in Sources */ = {isa = PBXBuildFile; fileRef = 8BF1DDCB2867958400C56B02 /* SignupWebServiceTest.swift */; };
		8BF1DDCE2867961C00C56B02 /* SignupWebService.swift in Sources */ = {isa = PBXBuildFile; fileRef = 8BF1DDCD2867961C00C56B02 /* SignupWebService.swift */; };
		8BF1DDD02867984B00C56B02 /* SignupFormRequestModel.swift in Sources */ = {isa = PBXBuildFile; fileRef = 8BF1DDCF2867984B00C56B02 /* SignupFormRequestModel.swift */; };
		8BF1DDD62867A2C400C56B02 /* SignupResponseModel.swift in Sources */ = {isa = PBXBuildFile; fileRef = 8BF1DDD52867A2C400C56B02 /* SignupResponseModel.swift */; };
/* End PBXBuildFile section */

/* Begin PBXContainerItemProxy section */
		8B384D2728641090000461BB /* PBXContainerItemProxy */ = {
			isa = PBXContainerItemProxy;
			containerPortal = 8B384D0828641090000461BB /* Project object */;
			proxyType = 1;
			remoteGlobalIDString = 8B384D0F28641090000461BB;
			remoteInfo = PhotoApp;
		};
/* End PBXContainerItemProxy section */

/* Begin PBXFileReference section */
		8B384D1028641090000461BB /* PhotoApp.app */ = {isa = PBXFileReference; explicitFileType = wrapper.application; includeInIndex = 0; path = PhotoApp.app; sourceTree = BUILT_PRODUCTS_DIR; };
		8B384D1328641090000461BB /* AppDelegate.swift */ = {isa = PBXFileReference; lastKnownFileType = sourcecode.swift; path = AppDelegate.swift; sourceTree = "<group>"; };
		8B384D1528641090000461BB /* SceneDelegate.swift */ = {isa = PBXFileReference; lastKnownFileType = sourcecode.swift; path = SceneDelegate.swift; sourceTree = "<group>"; };
		8B384D1728641090000461BB /* ViewController.swift */ = {isa = PBXFileReference; lastKnownFileType = sourcecode.swift; path = ViewController.swift; sourceTree = "<group>"; };
		8B384D1A28641090000461BB /* Base */ = {isa = PBXFileReference; lastKnownFileType = file.storyboard; name = Base; path = Base.lproj/Main.storyboard; sourceTree = "<group>"; };
		8B384D1C28641090000461BB /* Assets.xcassets */ = {isa = PBXFileReference; lastKnownFileType = folder.assetcatalog; path = Assets.xcassets; sourceTree = "<group>"; };
		8B384D1F28641090000461BB /* Base */ = {isa = PBXFileReference; lastKnownFileType = file.storyboard; name = Base; path = Base.lproj/LaunchScreen.storyboard; sourceTree = "<group>"; };
		8B384D2128641090000461BB /* Info.plist */ = {isa = PBXFileReference; lastKnownFileType = text.plist.xml; path = Info.plist; sourceTree = "<group>"; };
		8B384D2628641090000461BB /* PhotoAppTests.xctest */ = {isa = PBXFileReference; explicitFileType = wrapper.cfbundle; includeInIndex = 0; path = PhotoAppTests.xctest; sourceTree = BUILT_PRODUCTS_DIR; };
		8B6939B12864CC0500044A3A /* SignupFormModelValidatorTests.swift */ = {isa = PBXFileReference; lastKnownFileType = sourcecode.swift; path = SignupFormModelValidatorTests.swift; sourceTree = "<group>"; };
		8B6939B82864CDC000044A3A /* SignFormModelValidator.swift */ = {isa = PBXFileReference; lastKnownFileType = sourcecode.swift; path = SignFormModelValidator.swift; sourceTree = "<group>"; };
		8BF1DDCB2867958400C56B02 /* SignupWebServiceTest.swift */ = {isa = PBXFileReference; lastKnownFileType = sourcecode.swift; path = SignupWebServiceTest.swift; sourceTree = "<group>"; };
		8BF1DDCD2867961C00C56B02 /* SignupWebService.swift */ = {isa = PBXFileReference; lastKnownFileType = sourcecode.swift; path = SignupWebService.swift; sourceTree = "<group>"; };
		8BF1DDCF2867984B00C56B02 /* SignupFormRequestModel.swift */ = {isa = PBXFileReference; lastKnownFileType = sourcecode.swift; path = SignupFormRequestModel.swift; sourceTree = "<group>"; };
		8BF1DDD52867A2C400C56B02 /* SignupResponseModel.swift */ = {isa = PBXFileReference; lastKnownFileType = sourcecode.swift; path = SignupResponseModel.swift; sourceTree = "<group>"; };
/* End PBXFileReference section */

/* Begin PBXFrameworksBuildPhase section */
		8B384D0D28641090000461BB /* Frameworks */ = {
			isa = PBXFrameworksBuildPhase;
			buildActionMask = 2147483647;
			files = (
			);
			runOnlyForDeploymentPostprocessing = 0;
		};
		8B384D2328641090000461BB /* Frameworks */ = {
			isa = PBXFrameworksBuildPhase;
			buildActionMask = 2147483647;
			files = (
			);
			runOnlyForDeploymentPostprocessing = 0;
		};
/* End PBXFrameworksBuildPhase section */

/* Begin PBXGroup section */
		8B384D0728641090000461BB = {
			isa = PBXGroup;
			children = (
				8B384D1228641090000461BB /* PhotoApp */,
				8B384D2928641090000461BB /* PhotoAppTests */,
				8B384D1128641090000461BB /* Products */,
			);
			sourceTree = "<group>";
		};
		8B384D1128641090000461BB /* Products */ = {
			isa = PBXGroup;
			children = (
				8B384D1028641090000461BB /* PhotoApp.app */,
				8B384D2628641090000461BB /* PhotoAppTests.xctest */,
			);
			name = Products;
			sourceTree = "<group>";
		};
		8B384D1228641090000461BB /* PhotoApp */ = {
			isa = PBXGroup;
			children = (
				8BF1DDD12867A1E800C56B02 /* Signup */,
				8B6939B62864CD8900044A3A /* AppDelegate */,
				8B384D1E28641090000461BB /* LaunchScreen.storyboard */,
				8B384D1928641090000461BB /* Main.storyboard */,
				8B384D1C28641090000461BB /* Assets.xcassets */,
				8B384D2128641090000461BB /* Info.plist */,
			);
			path = PhotoApp;
			sourceTree = "<group>";
		};
		8B384D2928641090000461BB /* PhotoAppTests */ = {
			isa = PBXGroup;
			children = (
				8BF1DDD42867A23400C56B02 /* Network */,
				8BF1DDD32867A22F00C56B02 /* Model */,
			);
			path = PhotoAppTests;
			sourceTree = "<group>";
		};
		8B6939B32864CD6C00044A3A /* Models */ = {
			isa = PBXGroup;
			children = (
				8B6939B82864CDC000044A3A /* SignFormModelValidator.swift */,
				8BF1DDCF2867984B00C56B02 /* SignupFormRequestModel.swift */,
				8BF1DDD52867A2C400C56B02 /* SignupResponseModel.swift */,
			);
			path = Models;
			sourceTree = "<group>";
		};
		8B6939B62864CD8900044A3A /* AppDelegate */ = {
			isa = PBXGroup;
			children = (
				8B384D1528641090000461BB /* SceneDelegate.swift */,
				8B384D1328641090000461BB /* AppDelegate.swift */,
			);
			path = AppDelegate;
			sourceTree = "<group>";
		};
		8B6939B72864CD9900044A3A /* Controllers */ = {
			isa = PBXGroup;
			children = (
				8B384D1728641090000461BB /* ViewController.swift */,
			);
			path = Controllers;
			sourceTree = "<group>";
		};
		8BF1DDD12867A1E800C56B02 /* Signup */ = {
			isa = PBXGroup;
			children = (
				8BF1DDD22867A21B00C56B02 /* Network */,
				8B6939B32864CD6C00044A3A /* Models */,
				8B6939B72864CD9900044A3A /* Controllers */,
			);
			path = Signup;
			sourceTree = "<group>";
		};
		8BF1DDD22867A21B00C56B02 /* Network */ = {
			isa = PBXGroup;
			children = (
				8BF1DDCD2867961C00C56B02 /* SignupWebService.swift */,
			);
			path = Network;
			sourceTree = "<group>";
		};
		8BF1DDD32867A22F00C56B02 /* Model */ = {
			isa = PBXGroup;
			children = (
				8B6939B12864CC0500044A3A /* SignupFormModelValidatorTests.swift */,
			);
			path = Model;
			sourceTree = "<group>";
		};
		8BF1DDD42867A23400C56B02 /* Network */ = {
			isa = PBXGroup;
			children = (
				8BF1DDCB2867958400C56B02 /* SignupWebServiceTest.swift */,
			);
			path = Network;
			sourceTree = "<group>";
		};
/* End PBXGroup section */

/* Begin PBXNativeTarget section */
		8B384D0F28641090000461BB /* PhotoApp */ = {
			isa = PBXNativeTarget;
			buildConfigurationList = 8B384D3A28641090000461BB /* Build configuration list for PBXNativeTarget "PhotoApp" */;
			buildPhases = (
				8B384D0C28641090000461BB /* Sources */,
				8B384D0D28641090000461BB /* Frameworks */,
				8B384D0E28641090000461BB /* Resources */,
			);
			buildRules = (
			);
			dependencies = (
			);
			name = PhotoApp;
			productName = PhotoApp;
			productReference = 8B384D1028641090000461BB /* PhotoApp.app */;
			productType = "com.apple.product-type.application";
		};
		8B384D2528641090000461BB /* PhotoAppTests */ = {
			isa = PBXNativeTarget;
			buildConfigurationList = 8B384D3D28641090000461BB /* Build configuration list for PBXNativeTarget "PhotoAppTests" */;
			buildPhases = (
				8B384D2228641090000461BB /* Sources */,
				8B384D2328641090000461BB /* Frameworks */,
				8B384D2428641090000461BB /* Resources */,
			);
			buildRules = (
			);
			dependencies = (
				8B384D2828641090000461BB /* PBXTargetDependency */,
			);
			name = PhotoAppTests;
			productName = PhotoAppTests;
			productReference = 8B384D2628641090000461BB /* PhotoAppTests.xctest */;
			productType = "com.apple.product-type.bundle.unit-test";
		};
/* End PBXNativeTarget section */

/* Begin PBXProject section */
		8B384D0828641090000461BB /* Project object */ = {
			isa = PBXProject;
			attributes = {
				BuildIndependentTargetsInParallel = 1;
				LastSwiftUpdateCheck = 1320;
				LastUpgradeCheck = 1320;
				TargetAttributes = {
					8B384D0F28641090000461BB = {
						CreatedOnToolsVersion = 13.2.1;
					};
					8B384D2528641090000461BB = {
						CreatedOnToolsVersion = 13.2.1;
						LastSwiftMigration = 1320;
						TestTargetID = 8B384D0F28641090000461BB;
					};
				};
			};
			buildConfigurationList = 8B384D0B28641090000461BB /* Build configuration list for PBXProject "PhotoApp" */;
			compatibilityVersion = "Xcode 13.0";
			developmentRegion = en;
			hasScannedForEncodings = 0;
			knownRegions = (
				en,
				Base,
			);
			mainGroup = 8B384D0728641090000461BB;
			productRefGroup = 8B384D1128641090000461BB /* Products */;
			projectDirPath = "";
			projectRoot = "";
			targets = (
				8B384D0F28641090000461BB /* PhotoApp */,
				8B384D2528641090000461BB /* PhotoAppTests */,
			);
		};
/* End PBXProject section */

/* Begin PBXResourcesBuildPhase section */
		8B384D0E28641090000461BB /* Resources */ = {
			isa = PBXResourcesBuildPhase;
			buildActionMask = 2147483647;
			files = (
				8B384D2028641090000461BB /* LaunchScreen.storyboard in Resources */,
				8B384D1D28641090000461BB /* Assets.xcassets in Resources */,
				8B384D1B28641090000461BB /* Main.storyboard in Resources */,
			);
			runOnlyForDeploymentPostprocessing = 0;
		};
		8B384D2428641090000461BB /* Resources */ = {
			isa = PBXResourcesBuildPhase;
			buildActionMask = 2147483647;
			files = (
			);
			runOnlyForDeploymentPostprocessing = 0;
		};
/* End PBXResourcesBuildPhase section */

/* Begin PBXSourcesBuildPhase section */
		8B384D0C28641090000461BB /* Sources */ = {
			isa = PBXSourcesBuildPhase;
			buildActionMask = 2147483647;
			files = (
				8BF1DDCE2867961C00C56B02 /* SignupWebService.swift in Sources */,
				8BF1DDD62867A2C400C56B02 /* SignupResponseModel.swift in Sources */,
				8B384D1828641090000461BB /* ViewController.swift in Sources */,
				8B384D1428641090000461BB /* AppDelegate.swift in Sources */,
				8BF1DDD02867984B00C56B02 /* SignupFormRequestModel.swift in Sources */,
				8B384D1628641090000461BB /* SceneDelegate.swift in Sources */,
				8B6939B92864CDC000044A3A /* SignFormModelValidator.swift in Sources */,
			);
			runOnlyForDeploymentPostprocessing = 0;
		};
		8B384D2228641090000461BB /* Sources */ = {
			isa = PBXSourcesBuildPhase;
			buildActionMask = 2147483647;
			files = (
				8BF1DDCC2867958400C56B02 /* SignupWebServiceTest.swift in Sources */,
				8B6939B22864CC0500044A3A /* SignupFormModelValidatorTests.swift in Sources */,
			);
			runOnlyForDeploymentPostprocessing = 0;
		};
/* End PBXSourcesBuildPhase section */

/* Begin PBXTargetDependency section */
		8B384D2828641090000461BB /* PBXTargetDependency */ = {
			isa = PBXTargetDependency;
			target = 8B384D0F28641090000461BB /* PhotoApp */;
			targetProxy = 8B384D2728641090000461BB /* PBXContainerItemProxy */;
		};
/* End PBXTargetDependency section */

/* Begin PBXVariantGroup section */
		8B384D1928641090000461BB /* Main.storyboard */ = {
			isa = PBXVariantGroup;
			children = (
				8B384D1A28641090000461BB /* Base */,
			);
			name = Main.storyboard;
			sourceTree = "<group>";
		};
		8B384D1E28641090000461BB /* LaunchScreen.storyboard */ = {
			isa = PBXVariantGroup;
			children = (
				8B384D1F28641090000461BB /* Base */,
			);
			name = LaunchScreen.storyboard;
			sourceTree = "<group>";
		};
/* End PBXVariantGroup section */

/* Begin XCBuildConfiguration section */
		8B384D3828641090000461BB /* Debug */ = {
			isa = XCBuildConfiguration;
			buildSettings = {
				ALWAYS_SEARCH_USER_PATHS = NO;
				CLANG_ANALYZER_NONNULL = YES;
				CLANG_ANALYZER_NUMBER_OBJECT_CONVERSION = YES_AGGRESSIVE;
				CLANG_CXX_LANGUAGE_STANDARD = "gnu++17";
				CLANG_CXX_LIBRARY = "libc++";
				CLANG_ENABLE_MODULES = YES;
				CLANG_ENABLE_OBJC_ARC = YES;
				CLANG_ENABLE_OBJC_WEAK = YES;
				CLANG_WARN_BLOCK_CAPTURE_AUTORELEASING = YES;
				CLANG_WARN_BOOL_CONVERSION = YES;
				CLANG_WARN_COMMA = YES;
				CLANG_WARN_CONSTANT_CONVERSION = YES;
				CLANG_WARN_DEPRECATED_OBJC_IMPLEMENTATIONS = YES;
				CLANG_WARN_DIRECT_OBJC_ISA_USAGE = YES_ERROR;
				CLANG_WARN_DOCUMENTATION_COMMENTS = YES;
				CLANG_WARN_EMPTY_BODY = YES;
				CLANG_WARN_ENUM_CONVERSION = YES;
				CLANG_WARN_INFINITE_RECURSION = YES;
				CLANG_WARN_INT_CONVERSION = YES;
				CLANG_WARN_NON_LITERAL_NULL_CONVERSION = YES;
				CLANG_WARN_OBJC_IMPLICIT_RETAIN_SELF = YES;
				CLANG_WARN_OBJC_LITERAL_CONVERSION = YES;
				CLANG_WARN_OBJC_ROOT_CLASS = YES_ERROR;
				CLANG_WARN_QUOTED_INCLUDE_IN_FRAMEWORK_HEADER = YES;
				CLANG_WARN_RANGE_LOOP_ANALYSIS = YES;
				CLANG_WARN_STRICT_PROTOTYPES = YES;
				CLANG_WARN_SUSPICIOUS_MOVE = YES;
				CLANG_WARN_UNGUARDED_AVAILABILITY = YES_AGGRESSIVE;
				CLANG_WARN_UNREACHABLE_CODE = YES;
				CLANG_WARN__DUPLICATE_METHOD_MATCH = YES;
				COPY_PHASE_STRIP = NO;
				DEBUG_INFORMATION_FORMAT = dwarf;
				ENABLE_STRICT_OBJC_MSGSEND = YES;
				ENABLE_TESTABILITY = YES;
				GCC_C_LANGUAGE_STANDARD = gnu11;
				GCC_DYNAMIC_NO_PIC = NO;
				GCC_NO_COMMON_BLOCKS = YES;
				GCC_OPTIMIZATION_LEVEL = 0;
				GCC_PREPROCESSOR_DEFINITIONS = (
					"DEBUG=1",
					"$(inherited)",
				);
				GCC_WARN_64_TO_32_BIT_CONVERSION = YES;
				GCC_WARN_ABOUT_RETURN_TYPE = YES_ERROR;
				GCC_WARN_UNDECLARED_SELECTOR = YES;
				GCC_WARN_UNINITIALIZED_AUTOS = YES_AGGRESSIVE;
				GCC_WARN_UNUSED_FUNCTION = YES;
				GCC_WARN_UNUSED_VARIABLE = YES;
				IPHONEOS_DEPLOYMENT_TARGET = 15.2;
				MTL_ENABLE_DEBUG_INFO = INCLUDE_SOURCE;
				MTL_FAST_MATH = YES;
				ONLY_ACTIVE_ARCH = YES;
				SDKROOT = iphoneos;
				SWIFT_ACTIVE_COMPILATION_CONDITIONS = DEBUG;
				SWIFT_OPTIMIZATION_LEVEL = "-Onone";
			};
			name = Debug;
		};
		8B384D3928641090000461BB /* Release */ = {
			isa = XCBuildConfiguration;
			buildSettings = {
				ALWAYS_SEARCH_USER_PATHS = NO;
				CLANG_ANALYZER_NONNULL = YES;
				CLANG_ANALYZER_NUMBER_OBJECT_CONVERSION = YES_AGGRESSIVE;
				CLANG_CXX_LANGUAGE_STANDARD = "gnu++17";
				CLANG_CXX_LIBRARY = "libc++";
				CLANG_ENABLE_MODULES = YES;
				CLANG_ENABLE_OBJC_ARC = YES;
				CLANG_ENABLE_OBJC_WEAK = YES;
				CLANG_WARN_BLOCK_CAPTURE_AUTORELEASING = YES;
				CLANG_WARN_BOOL_CONVERSION = YES;
				CLANG_WARN_COMMA = YES;
				CLANG_WARN_CONSTANT_CONVERSION = YES;
				CLANG_WARN_DEPRECATED_OBJC_IMPLEMENTATIONS = YES;
				CLANG_WARN_DIRECT_OBJC_ISA_USAGE = YES_ERROR;
				CLANG_WARN_DOCUMENTATION_COMMENTS = YES;
				CLANG_WARN_EMPTY_BODY = YES;
				CLANG_WARN_ENUM_CONVERSION = YES;
				CLANG_WARN_INFINITE_RECURSION = YES;
				CLANG_WARN_INT_CONVERSION = YES;
				CLANG_WARN_NON_LITERAL_NULL_CONVERSION = YES;
				CLANG_WARN_OBJC_IMPLICIT_RETAIN_SELF = YES;
				CLANG_WARN_OBJC_LITERAL_CONVERSION = YES;
				CLANG_WARN_OBJC_ROOT_CLASS = YES_ERROR;
				CLANG_WARN_QUOTED_INCLUDE_IN_FRAMEWORK_HEADER = YES;
				CLANG_WARN_RANGE_LOOP_ANALYSIS = YES;
				CLANG_WARN_STRICT_PROTOTYPES = YES;
				CLANG_WARN_SUSPICIOUS_MOVE = YES;
				CLANG_WARN_UNGUARDED_AVAILABILITY = YES_AGGRESSIVE;
				CLANG_WARN_UNREACHABLE_CODE = YES;
				CLANG_WARN__DUPLICATE_METHOD_MATCH = YES;
				COPY_PHASE_STRIP = NO;
				DEBUG_INFORMATION_FORMAT = "dwarf-with-dsym";
				ENABLE_NS_ASSERTIONS = NO;
				ENABLE_STRICT_OBJC_MSGSEND = YES;
				GCC_C_LANGUAGE_STANDARD = gnu11;
				GCC_NO_COMMON_BLOCKS = YES;
				GCC_WARN_64_TO_32_BIT_CONVERSION = YES;
				GCC_WARN_ABOUT_RETURN_TYPE = YES_ERROR;
				GCC_WARN_UNDECLARED_SELECTOR = YES;
				GCC_WARN_UNINITIALIZED_AUTOS = YES_AGGRESSIVE;
				GCC_WARN_UNUSED_FUNCTION = YES;
				GCC_WARN_UNUSED_VARIABLE = YES;
				IPHONEOS_DEPLOYMENT_TARGET = 15.2;
				MTL_ENABLE_DEBUG_INFO = NO;
				MTL_FAST_MATH = YES;
				SDKROOT = iphoneos;
				SWIFT_COMPILATION_MODE = wholemodule;
				SWIFT_OPTIMIZATION_LEVEL = "-O";
				VALIDATE_PRODUCT = YES;
			};
			name = Release;
		};
		8B384D3B28641090000461BB /* Debug */ = {
			isa = XCBuildConfiguration;
			buildSettings = {
				ASSETCATALOG_COMPILER_APPICON_NAME = AppIcon;
				ASSETCATALOG_COMPILER_GLOBAL_ACCENT_COLOR_NAME = AccentColor;
				CODE_SIGN_STYLE = Automatic;
				CURRENT_PROJECT_VERSION = 1;
				DEVELOPMENT_TEAM = A6AMFR9VNT;
				GENERATE_INFOPLIST_FILE = YES;
				INFOPLIST_FILE = PhotoApp/Info.plist;
				INFOPLIST_KEY_UIApplicationSupportsIndirectInputEvents = YES;
				INFOPLIST_KEY_UILaunchStoryboardName = LaunchScreen;
				INFOPLIST_KEY_UIMainStoryboardFile = Main;
				INFOPLIST_KEY_UISupportedInterfaceOrientations_iPad = "UIInterfaceOrientationPortrait UIInterfaceOrientationPortraitUpsideDown UIInterfaceOrientationLandscapeLeft UIInterfaceOrientationLandscapeRight";
				INFOPLIST_KEY_UISupportedInterfaceOrientations_iPhone = "UIInterfaceOrientationPortrait UIInterfaceOrientationLandscapeLeft UIInterfaceOrientationLandscapeRight";
				LD_RUNPATH_SEARCH_PATHS = (
					"$(inherited)",
					"@executable_path/Frameworks",
				);
				MARKETING_VERSION = 1.0;
				PRODUCT_BUNDLE_IDENTIFIER = com.engks.osama.PhotoApp;
				PRODUCT_NAME = "$(TARGET_NAME)";
				SWIFT_EMIT_LOC_STRINGS = YES;
				SWIFT_VERSION = 5.0;
				TARGETED_DEVICE_FAMILY = "1,2";
			};
			name = Debug;
		};
		8B384D3C28641090000461BB /* Release */ = {
			isa = XCBuildConfiguration;
			buildSettings = {
				ASSETCATALOG_COMPILER_APPICON_NAME = AppIcon;
				ASSETCATALOG_COMPILER_GLOBAL_ACCENT_COLOR_NAME = AccentColor;
				CODE_SIGN_STYLE = Automatic;
				CURRENT_PROJECT_VERSION = 1;
				DEVELOPMENT_TEAM = A6AMFR9VNT;
				GENERATE_INFOPLIST_FILE = YES;
				INFOPLIST_FILE = PhotoApp/Info.plist;
				INFOPLIST_KEY_UIApplicationSupportsIndirectInputEvents = YES;
				INFOPLIST_KEY_UILaunchStoryboardName = LaunchScreen;
				INFOPLIST_KEY_UIMainStoryboardFile = Main;
				INFOPLIST_KEY_UISupportedInterfaceOrientations_iPad = "UIInterfaceOrientationPortrait UIInterfaceOrientationPortraitUpsideDown UIInterfaceOrientationLandscapeLeft UIInterfaceOrientationLandscapeRight";
				INFOPLIST_KEY_UISupportedInterfaceOrientations_iPhone = "UIInterfaceOrientationPortrait UIInterfaceOrientationLandscapeLeft UIInterfaceOrientationLandscapeRight";
				LD_RUNPATH_SEARCH_PATHS = (
					"$(inherited)",
					"@executable_path/Frameworks",
				);
				MARKETING_VERSION = 1.0;
				PRODUCT_BUNDLE_IDENTIFIER = com.engks.osama.PhotoApp;
				PRODUCT_NAME = "$(TARGET_NAME)";
				SWIFT_EMIT_LOC_STRINGS = YES;
				SWIFT_VERSION = 5.0;
				TARGETED_DEVICE_FAMILY = "1,2";
			};
			name = Release;
		};
		8B384D3E28641090000461BB /* Debug */ = {
			isa = XCBuildConfiguration;
			buildSettings = {
				ALWAYS_EMBED_SWIFT_STANDARD_LIBRARIES = YES;
				BUNDLE_LOADER = "$(TEST_HOST)";
				CLANG_ENABLE_MODULES = YES;
				CODE_SIGN_STYLE = Automatic;
				CURRENT_PROJECT_VERSION = 1;
				DEVELOPMENT_TEAM = A6AMFR9VNT;
				GENERATE_INFOPLIST_FILE = YES;
				IPHONEOS_DEPLOYMENT_TARGET = 15.2;
				LD_RUNPATH_SEARCH_PATHS = (
					"$(inherited)",
					"@executable_path/Frameworks",
					"@loader_path/Frameworks",
				);
				MARKETING_VERSION = 1.0;
				PRODUCT_BUNDLE_IDENTIFIER = com.engks.osama.PhotoAppTests;
				PRODUCT_NAME = "$(TARGET_NAME)";
				SWIFT_EMIT_LOC_STRINGS = NO;
				SWIFT_OPTIMIZATION_LEVEL = "-Onone";
				SWIFT_VERSION = 5.0;
				TARGETED_DEVICE_FAMILY = "1,2";
				TEST_HOST = "$(BUILT_PRODUCTS_DIR)/PhotoApp.app/PhotoApp";
			};
			name = Debug;
		};
		8B384D3F28641090000461BB /* Release */ = {
			isa = XCBuildConfiguration;
			buildSettings = {
				ALWAYS_EMBED_SWIFT_STANDARD_LIBRARIES = YES;
				BUNDLE_LOADER = "$(TEST_HOST)";
				CLANG_ENABLE_MODULES = YES;
				CODE_SIGN_STYLE = Automatic;
				CURRENT_PROJECT_VERSION = 1;
				DEVELOPMENT_TEAM = A6AMFR9VNT;
				GENERATE_INFOPLIST_FILE = YES;
				IPHONEOS_DEPLOYMENT_TARGET = 15.2;
				LD_RUNPATH_SEARCH_PATHS = (
					"$(inherited)",
					"@executable_path/Frameworks",
					"@loader_path/Frameworks",
				);
				MARKETING_VERSION = 1.0;
				PRODUCT_BUNDLE_IDENTIFIER = com.engks.osama.PhotoAppTests;
				PRODUCT_NAME = "$(TARGET_NAME)";
				SWIFT_EMIT_LOC_STRINGS = NO;
				SWIFT_VERSION = 5.0;
				TARGETED_DEVICE_FAMILY = "1,2";
				TEST_HOST = "$(BUILT_PRODUCTS_DIR)/PhotoApp.app/PhotoApp";
			};
			name = Release;
		};
/* End XCBuildConfiguration section */

/* Begin XCConfigurationList section */
		8B384D0B28641090000461BB /* Build configuration list for PBXProject "PhotoApp" */ = {
			isa = XCConfigurationList;
			buildConfigurations = (
				8B384D3828641090000461BB /* Debug */,
				8B384D3928641090000461BB /* Release */,
			);
			defaultConfigurationIsVisible = 0;
			defaultConfigurationName = Release;
		};
		8B384D3A28641090000461BB /* Build configuration list for PBXNativeTarget "PhotoApp" */ = {
			isa = XCConfigurationList;
			buildConfigurations = (
				8B384D3B28641090000461BB /* Debug */,
				8B384D3C28641090000461BB /* Release */,
			);
			defaultConfigurationIsVisible = 0;
			defaultConfigurationName = Release;
		};
		8B384D3D28641090000461BB /* Build configuration list for PBXNativeTarget "PhotoAppTests" */ = {
			isa = XCConfigurationList;
			buildConfigurations = (
				8B384D3E28641090000461BB /* Debug */,
				8B384D3F28641090000461BB /* Release */,
			);
			defaultConfigurationIsVisible = 0;
			defaultConfigurationName = Release;
		};
/* End XCConfigurationList section */
	};
	rootObject = 8B384D0828641090000461BB /* Project object */;
}
